# This file is generated by running "yarn install" inside your project.
# Manual changes might be lost - proceed with caution!

__metadata:
  version: 6
  cacheKey: 8

"prettier@npm:2.7.1":
  version: 2.7.1
  resolution: "prettier@npm:2.7.1"
  bin:
    prettier: bin-prettier.js
  checksum: 55a4409182260866ab31284d929b3cb961e5fdb91fe0d2e099dac92eaecec890f36e524b4c19e6ceae839c99c6d7195817579cdffc8e2c80da0cb794463a748b
  languageName: node
  linkType: hard

"valheim@workspace:.":
  version: 0.0.0-use.local
  resolution: "valheim@workspace:."
  dependencies:
    prettier: 2.7.1
  languageName: unknown
  linkType: soft
